
Microsoft Visual Studio Solution File, Format Version 12.00
# Visual Studio Version 17
VisualStudioVersion = 17.11.35312.102
MinimumVisualStudioVersion = 10.0.40219.1
Project("{FAE04EC0-301F-11D3-BF4B-00C04F79EFBC}") = "Cilibia_Malina_Lab1", "Cilibia_Malina_Lab1\Cilibia_Malina_Lab1.csproj", "{2F06EB88-5798-4563-92CA-226A603193F5}"
EndProject
Global
	GlobalSection(SolutionConfigurationPlatforms) = preSolution
		Debug|Any CPU = Debug|Any CPU
		Release|Any CPU = Release|Any CPU
	EndGlobalSection
	GlobalSection(ProjectConfigurationPlatforms) = postSolution
		{2F06EB88-5798-4563-92CA-226A603193F5}.Debug|Any CPU.ActiveCfg = Debug|Any CPU
		{2F06EB88-5798-4563-92CA-226A603193F5}.Debug|Any CPU.Build.0 = Debug|Any CPU
		{2F06EB88-5798-4563-92CA-226A603193F5}.Release|Any CPU.ActiveCfg = Release|Any CPU
		{2F06EB88-5798-4563-92CA-226A603193F5}.Release|Any CPU.Build.0 = Release|Any CPU
	EndGlobalSection
	GlobalSection(SolutionProperties) = preSolution
		HideSolutionNode = FALSE
	EndGlobalSection
	GlobalSection(ExtensibilityGlobals) = postSolution
		SolutionGuid = {B219E892-3D4C-4654-81E8-802933E7D180}
	EndGlobalSection
EndGlobal
